// !$*UTF8*$!
{
	archiveVersion = 1;
	classes = {
	};
	objectVersion = 50;
	objects = {

/* Begin PBXBuildFile section */
		CA624FD4236B119D007FFAEB /* AppDelegate.swift in Sources */ = {isa = PBXBuildFile; fileRef = CA624FD3236B119D007FFAEB /* AppDelegate.swift */; };
		CA624FD6236B119D007FFAEB /* SceneDelegate.swift in Sources */ = {isa = PBXBuildFile; fileRef = CA624FD5236B119D007FFAEB /* SceneDelegate.swift */; };
		CA624FD8236B119D007FFAEB /* ViewController.swift in Sources */ = {isa = PBXBuildFile; fileRef = CA624FD7236B119D007FFAEB /* ViewController.swift */; };
		CA624FDB236B119D007FFAEB /* Main.storyboard in Resources */ = {isa = PBXBuildFile; fileRef = CA624FD9236B119D007FFAEB /* Main.storyboard */; };
		CA624FDD236B119F007FFAEB /* Assets.xcassets in Resources */ = {isa = PBXBuildFile; fileRef = CA624FDC236B119F007FFAEB /* Assets.xcassets */; };
		CA624FE0236B119F007FFAEB /* LaunchScreen.storyboard in Resources */ = {isa = PBXBuildFile; fileRef = CA624FDE236B119F007FFAEB /* LaunchScreen.storyboard */; };
		CA624FEB236B119F007FFAEB /* InstagramApiUITests.swift in Sources */ = {isa = PBXBuildFile; fileRef = CA624FEA236B119F007FFAEB /* InstagramApiUITests.swift */; };
/* End PBXBuildFile section */

/* Begin PBXContainerItemProxy section */
		CA624FE7236B119F007FFAEB /* PBXContainerItemProxy */ = {
			isa = PBXContainerItemProxy;
			containerPortal = CA624FC8236B119D007FFAEB /* Project object */;
			proxyType = 1;
			remoteGlobalIDString = CA624FCF236B119D007FFAEB;
			remoteInfo = InstagramApi;
		};
/* End PBXContainerItemProxy section */

/* Begin PBXFileReference section */
		CA624FD0236B119D007FFAEB /* InstagramApi.app */ = {isa = PBXFileReference; explicitFileType = wrapper.application; includeInIndex = 0; path = InstagramApi.app; sourceTree = BUILT_PRODUCTS_DIR; };
		CA624FD3236B119D007FFAEB /* AppDelegate.swift */ = {isa = PBXFileReference; lastKnownFileType = sourcecode.swift; path = AppDelegate.swift; sourceTree = "<group>"; };
		CA624FD5236B119D007FFAEB /* SceneDelegate.swift */ = {isa = PBXFileReference; lastKnownFileType = sourcecode.swift; path = SceneDelegate.swift; sourceTree = "<group>"; };
		CA624FD7236B119D007FFAEB /* ViewController.swift */ = {isa = PBXFileReference; lastKnownFileType = sourcecode.swift; path = ViewController.swift; sourceTree = "<group>"; };
		CA624FDA236B119D007FFAEB /* Base */ = {isa = PBXFileReference; lastKnownFileType = file.storyboard; name = Base; path = Base.lproj/Main.storyboard; sourceTree = "<group>"; };
		CA624FDC236B119F007FFAEB /* Assets.xcassets */ = {isa = PBXFileReference; lastKnownFileType = folder.assetcatalog; path = Assets.xcassets; sourceTree = "<group>"; };
		CA624FDF236B119F007FFAEB /* Base */ = {isa = PBXFileReference; lastKnownFileType = file.storyboard; name = Base; path = Base.lproj/LaunchScreen.storyboard; sourceTree = "<group>"; };
		CA624FE1236B119F007FFAEB /* Info.plist */ = {isa = PBXFileReference; lastKnownFileType = text.plist.xml; path = Info.plist; sourceTree = "<group>"; };
		CA624FE6236B119F007FFAEB /* InstagramApiUITests.xctest */ = {isa = PBXFileReference; explicitFileType = wrapper.cfbundle; includeInIndex = 0; path = InstagramApiUITests.xctest; sourceTree = BUILT_PRODUCTS_DIR; };
		CA624FEA236B119F007FFAEB /* InstagramApiUITests.swift */ = {isa = PBXFileReference; lastKnownFileType = sourcecode.swift; path = InstagramApiUITests.swift; sourceTree = "<group>"; };
		CA624FEC236B119F007FFAEB /* Info.plist */ = {isa = PBXFileReference; lastKnownFileType = text.plist.xml; path = Info.plist; sourceTree = "<group>"; };
/* End PBXFileReference section */

/* Begin PBXFrameworksBuildPhase section */
		CA624FCD236B119D007FFAEB /* Frameworks */ = {
			isa = PBXFrameworksBuildPhase;
			buildActionMask = 2147483647;
			files = (
			);
			runOnlyForDeploymentPostprocessing = 0;
		};
		CA624FE3236B119F007FFAEB /* Frameworks */ = {
			isa = PBXFrameworksBuildPhase;
			buildActionMask = 2147483647;
			files = (
			);
			runOnlyForDeploymentPostprocessing = 0;
		};
/* End PBXFrameworksBuildPhase section */

/* Begin PBXGroup section */
		CA624FC7236B119D007FFAEB = {
			isa = PBXGroup;
			children = (
				CA624FD2236B119D007FFAEB /* InstagramApi */,
				CA624FE9236B119F007FFAEB /* InstagramApiUITests */,
				CA624FD1236B119D007FFAEB /* Products */,
			);
			sourceTree = "<group>";
		};
		CA624FD1236B119D007FFAEB /* Products */ = {
			isa = PBXGroup;
			children = (
				CA624FD0236B119D007FFAEB /* InstagramApi.app */,
				CA624FE6236B119F007FFAEB /* InstagramApiUITests.xctest */,
			);
			name = Products;
			sourceTree = "<group>";
		};
		CA624FD2236B119D007FFAEB /* InstagramApi */ = {
			isa = PBXGroup;
			children = (
				CA624FF8236B12B3007FFAEB /* Controllers */,
				CA624FF5236B11F0007FFAEB /* View */,
				CA624FF7236B1286007FFAEB /* Resourse */,
				CA624FF6236B123B007FFAEB /* Supporting Files */,
			);
			path = InstagramApi;
			sourceTree = "<group>";
		};
		CA624FE9236B119F007FFAEB /* InstagramApiUITests */ = {
			isa = PBXGroup;
			children = (
				CA624FEA236B119F007FFAEB /* InstagramApiUITests.swift */,
				CA624FEC236B119F007FFAEB /* Info.plist */,
			);
			path = InstagramApiUITests;
			sourceTree = "<group>";
		};
		CA624FF5236B11F0007FFAEB /* View */ = {
			isa = PBXGroup;
			children = (
				CA624FD9236B119D007FFAEB /* Main.storyboard */,
				CA624FDE236B119F007FFAEB /* LaunchScreen.storyboard */,
			);
			path = View;
			sourceTree = "<group>";
		};
		CA624FF6236B123B007FFAEB /* Supporting Files */ = {
			isa = PBXGroup;
			children = (
				CA624FD3236B119D007FFAEB /* AppDelegate.swift */,
				CA624FD5236B119D007FFAEB /* SceneDelegate.swift */,
				CA624FE1236B119F007FFAEB /* Info.plist */,
			);
			path = "Supporting Files";
			sourceTree = "<group>";
		};
		CA624FF7236B1286007FFAEB /* Resourse */ = {
			isa = PBXGroup;
			children = (
				CA624FDC236B119F007FFAEB /* Assets.xcassets */,
			);
			path = Resourse;
			sourceTree = "<group>";
		};
		CA624FF8236B12B3007FFAEB /* Controllers */ = {
			isa = PBXGroup;
			children = (
				CA624FD7236B119D007FFAEB /* ViewController.swift */,
			);
			path = Controllers;
			sourceTree = "<group>";
		};
/* End PBXGroup section */

/* Begin PBXNativeTarget section */
		CA624FCF236B119D007FFAEB /* InstagramApi */ = {
			isa = PBXNativeTarget;
			buildConfigurationList = CA624FEF236B119F007FFAEB /* Build configuration list for PBXNativeTarget "InstagramApi" */;
			buildPhases = (
				CA624FCC236B119D007FFAEB /* Sources */,
				CA624FCD236B119D007FFAEB /* Frameworks */,
				CA624FCE236B119D007FFAEB /* Resources */,
			);
			buildRules = (
			);
			dependencies = (
			);
			name = InstagramApi;
			productName = InstagramApi;
			productReference = CA624FD0236B119D007FFAEB /* InstagramApi.app */;
			productType = "com.apple.product-type.application";
		};
		CA624FE5236B119F007FFAEB /* InstagramApiUITests */ = {
			isa = PBXNativeTarget;
			buildConfigurationList = CA624FF2236B119F007FFAEB /* Build configuration list for PBXNativeTarget "InstagramApiUITests" */;
			buildPhases = (
				CA624FE2236B119F007FFAEB /* Sources */,
				CA624FE3236B119F007FFAEB /* Frameworks */,
				CA624FE4236B119F007FFAEB /* Resources */,
			);
			buildRules = (
			);
			dependencies = (
				CA624FE8236B119F007FFAEB /* PBXTargetDependency */,
			);
			name = InstagramApiUITests;
			productName = InstagramApiUITests;
			productReference = CA624FE6236B119F007FFAEB /* InstagramApiUITests.xctest */;
			productType = "com.apple.product-type.bundle.ui-testing";
		};
/* End PBXNativeTarget section */

/* Begin PBXProject section */
		CA624FC8236B119D007FFAEB /* Project object */ = {
			isa = PBXProject;
			attributes = {
				LastSwiftUpdateCheck = 1110;
				LastUpgradeCheck = 1110;
				ORGANIZATIONNAME = "Iurii Popov";
				TargetAttributes = {
					CA624FCF236B119D007FFAEB = {
						CreatedOnToolsVersion = 11.1;
					};
					CA624FE5236B119F007FFAEB = {
						CreatedOnToolsVersion = 11.1;
						TestTargetID = CA624FCF236B119D007FFAEB;
					};
				};
			};
			buildConfigurationList = CA624FCB236B119D007FFAEB /* Build configuration list for PBXProject "InstagramApi" */;
			compatibilityVersion = "Xcode 9.3";
			developmentRegion = en;
			hasScannedForEncodings = 0;
			knownRegions = (
				en,
				Base,
			);
			mainGroup = CA624FC7236B119D007FFAEB;
			productRefGroup = CA624FD1236B119D007FFAEB /* Products */;
			projectDirPath = "";
			projectRoot = "";
			targets = (
				CA624FCF236B119D007FFAEB /* InstagramApi */,
				CA624FE5236B119F007FFAEB /* InstagramApiUITests */,
			);
		};
/* End PBXProject section */

/* Begin PBXResourcesBuildPhase section */
		CA624FCE236B119D007FFAEB /* Resources */ = {
			isa = PBXResourcesBuildPhase;
			buildActionMask = 2147483647;
			files = (
				CA624FE0236B119F007FFAEB /* LaunchScreen.storyboard in Resources */,
				CA624FDD236B119F007FFAEB /* Assets.xcassets in Resources */,
				CA624FDB236B119D007FFAEB /* Main.storyboard in Resources */,
			);
			runOnlyForDeploymentPostprocessing = 0;
		};
		CA624FE4236B119F007FFAEB /* Resources */ = {
			isa = PBXResourcesBuildPhase;
			buildActionMask = 2147483647;
			files = (
			);
			runOnlyForDeploymentPostprocessing = 0;
		};
/* End PBXResourcesBuildPhase section */

/* Begin PBXSourcesBuildPhase section */
		CA624FCC236B119D007FFAEB /* Sources */ = {
			isa = PBXSourcesBuildPhase;
			buildActionMask = 2147483647;
			files = (
				CA624FD8236B119D007FFAEB /* ViewController.swift in Sources */,
				CA624FD4236B119D007FFAEB /* AppDelegate.swift in Sources */,
				CA624FD6236B119D007FFAEB /* SceneDelegate.swift in Sources */,
			);
			runOnlyForDeploymentPostprocessing = 0;
		};
		CA624FE2236B119F007FFAEB /* Sources */ = {
			isa = PBXSourcesBuildPhase;
			buildActionMask = 2147483647;
			files = (
				CA624FEB236B119F007FFAEB /* InstagramApiUITests.swift in Sources */,
			);
			runOnlyForDeploymentPostprocessing = 0;
		};
/* End PBXSourcesBuildPhase section */

/* Begin PBXTargetDependency section */
		CA624FE8236B119F007FFAEB /* PBXTargetDependency */ = {
			isa = PBXTargetDependency;
			target = CA624FCF236B119D007FFAEB /* InstagramApi */;
			targetProxy = CA624FE7236B119F007FFAEB /* PBXContainerItemProxy */;
		};
/* End PBXTargetDependency section */

/* Begin PBXVariantGroup section */
		CA624FD9236B119D007FFAEB /* Main.storyboard */ = {
			isa = PBXVariantGroup;
			children = (
				CA624FDA236B119D007FFAEB /* Base */,
			);
			name = Main.storyboard;
			sourceTree = "<group>";
		};
		CA624FDE236B119F007FFAEB /* LaunchScreen.storyboard */ = {
			isa = PBXVariantGroup;
			children = (
				CA624FDF236B119F007FFAEB /* Base */,
			);
			name = LaunchScreen.storyboard;
			sourceTree = "<group>";
		};
/* End PBXVariantGroup section */

/* Begin XCBuildConfiguration section */
		CA624FED236B119F007FFAEB /* Debug */ = {
			isa = XCBuildConfiguration;
			buildSettings = {
				ALWAYS_SEARCH_USER_PATHS = NO;
				CLANG_ANALYZER_NONNULL = YES;
				CLANG_ANALYZER_NUMBER_OBJECT_CONVERSION = YES_AGGRESSIVE;
				CLANG_CXX_LANGUAGE_STANDARD = "gnu++14";
				CLANG_CXX_LIBRARY = "libc++";
				CLANG_ENABLE_MODULES = YES;
				CLANG_ENABLE_OBJC_ARC = YES;
				CLANG_ENABLE_OBJC_WEAK = YES;
				CLANG_WARN_BLOCK_CAPTURE_AUTORELEASING = YES;
				CLANG_WARN_BOOL_CONVERSION = YES;
				CLANG_WARN_COMMA = YES;
				CLANG_WARN_CONSTANT_CONVERSION = YES;
				CLANG_WARN_DEPRECATED_OBJC_IMPLEMENTATIONS = YES;
				CLANG_WARN_DIRECT_OBJC_ISA_USAGE = YES_ERROR;
				CLANG_WARN_DOCUMENTATION_COMMENTS = YES;
				CLANG_WARN_EMPTY_BODY = YES;
				CLANG_WARN_ENUM_CONVERSION = YES;
				CLANG_WARN_INFINITE_RECURSION = YES;
				CLANG_WARN_INT_CONVERSION = YES;
				CLANG_WARN_NON_LITERAL_NULL_CONVERSION = YES;
				CLANG_WARN_OBJC_IMPLICIT_RETAIN_SELF = YES;
				CLANG_WARN_OBJC_LITERAL_CONVERSION = YES;
				CLANG_WARN_OBJC_ROOT_CLASS = YES_ERROR;
				CLANG_WARN_RANGE_LOOP_ANALYSIS = YES;
				CLANG_WARN_STRICT_PROTOTYPES = YES;
				CLANG_WARN_SUSPICIOUS_MOVE = YES;
				CLANG_WARN_UNGUARDED_AVAILABILITY = YES_AGGRESSIVE;
				CLANG_WARN_UNREACHABLE_CODE = YES;
				CLANG_WARN__DUPLICATE_METHOD_MATCH = YES;
				COPY_PHASE_STRIP = NO;
				DEBUG_INFORMATION_FORMAT = dwarf;
				ENABLE_STRICT_OBJC_MSGSEND = YES;
				ENABLE_TESTABILITY = YES;
				GCC_C_LANGUAGE_STANDARD = gnu11;
				GCC_DYNAMIC_NO_PIC = NO;
				GCC_NO_COMMON_BLOCKS = YES;
				GCC_OPTIMIZATION_LEVEL = 0;
				GCC_PREPROCESSOR_DEFINITIONS = (
					"DEBUG=1",
					"$(inherited)",
				);
				GCC_WARN_64_TO_32_BIT_CONVERSION = YES;
				GCC_WARN_ABOUT_RETURN_TYPE = YES_ERROR;
				GCC_WARN_UNDECLARED_SELECTOR = YES;
				GCC_WARN_UNINITIALIZED_AUTOS = YES_AGGRESSIVE;
				GCC_WARN_UNUSED_FUNCTION = YES;
				GCC_WARN_UNUSED_VARIABLE = YES;
				IPHONEOS_DEPLOYMENT_TARGET = 13.1;
				MTL_ENABLE_DEBUG_INFO = INCLUDE_SOURCE;
				MTL_FAST_MATH = YES;
				ONLY_ACTIVE_ARCH = YES;
				SDKROOT = iphoneos;
				SWIFT_ACTIVE_COMPILATION_CONDITIONS = DEBUG;
				SWIFT_OPTIMIZATION_LEVEL = "-Onone";
			};
			name = Debug;
		};
		CA624FEE236B119F007FFAEB /* Release */ = {
			isa = XCBuildConfiguration;
			buildSettings = {
				ALWAYS_SEARCH_USER_PATHS = NO;
				CLANG_ANALYZER_NONNULL = YES;
				CLANG_ANALYZER_NUMBER_OBJECT_CONVERSION = YES_AGGRESSIVE;
				CLANG_CXX_LANGUAGE_STANDARD = "gnu++14";
				CLANG_CXX_LIBRARY = "libc++";
				CLANG_ENABLE_MODULES = YES;
				CLANG_ENABLE_OBJC_ARC = YES;
				CLANG_ENABLE_OBJC_WEAK = YES;
				CLANG_WARN_BLOCK_CAPTURE_AUTORELEASING = YES;
				CLANG_WARN_BOOL_CONVERSION = YES;
				CLANG_WARN_COMMA = YES;
				CLANG_WARN_CONSTANT_CONVERSION = YES;
				CLANG_WARN_DEPRECATED_OBJC_IMPLEMENTATIONS = YES;
				CLANG_WARN_DIRECT_OBJC_ISA_USAGE = YES_ERROR;
				CLANG_WARN_DOCUMENTATION_COMMENTS = YES;
				CLANG_WARN_EMPTY_BODY = YES;
				CLANG_WARN_ENUM_CONVERSION = YES;
				CLANG_WARN_INFINITE_RECURSION = YES;
				CLANG_WARN_INT_CONVERSION = YES;
				CLANG_WARN_NON_LITERAL_NULL_CONVERSION = YES;
				CLANG_WARN_OBJC_IMPLICIT_RETAIN_SELF = YES;
				CLANG_WARN_OBJC_LITERAL_CONVERSION = YES;
				CLANG_WARN_OBJC_ROOT_CLASS = YES_ERROR;
				CLANG_WARN_RANGE_LOOP_ANALYSIS = YES;
				CLANG_WARN_STRICT_PROTOTYPES = YES;
				CLANG_WARN_SUSPICIOUS_MOVE = YES;
				CLANG_WARN_UNGUARDED_AVAILABILITY = YES_AGGRESSIVE;
				CLANG_WARN_UNREACHABLE_CODE = YES;
				CLANG_WARN__DUPLICATE_METHOD_MATCH = YES;
				COPY_PHASE_STRIP = NO;
				DEBUG_INFORMATION_FORMAT = "dwarf-with-dsym";
				ENABLE_NS_ASSERTIONS = NO;
				ENABLE_STRICT_OBJC_MSGSEND = YES;
				GCC_C_LANGUAGE_STANDARD = gnu11;
				GCC_NO_COMMON_BLOCKS = YES;
				GCC_WARN_64_TO_32_BIT_CONVERSION = YES;
				GCC_WARN_ABOUT_RETURN_TYPE = YES_ERROR;
				GCC_WARN_UNDECLARED_SELECTOR = YES;
				GCC_WARN_UNINITIALIZED_AUTOS = YES_AGGRESSIVE;
				GCC_WARN_UNUSED_FUNCTION = YES;
				GCC_WARN_UNUSED_VARIABLE = YES;
				IPHONEOS_DEPLOYMENT_TARGET = 13.1;
				MTL_ENABLE_DEBUG_INFO = NO;
				MTL_FAST_MATH = YES;
				SDKROOT = iphoneos;
				SWIFT_COMPILATION_MODE = wholemodule;
				SWIFT_OPTIMIZATION_LEVEL = "-O";
				VALIDATE_PRODUCT = YES;
			};
			name = Release;
		};
		CA624FF0236B119F007FFAEB /* Debug */ = {
			isa = XCBuildConfiguration;
			buildSettings = {
				ASSETCATALOG_COMPILER_APPICON_NAME = AppIcon;
				CODE_SIGN_STYLE = Automatic;
				DEVELOPMENT_TEAM = 54SGD4HVN5;
				INFOPLIST_FILE = "InstagramApi/Supporting Files/Info.plist";
				IPHONEOS_DEPLOYMENT_TARGET = 12.0;
				LD_RUNPATH_SEARCH_PATHS = (
					"$(inherited)",
					"@executable_path/Frameworks",
				);
				PRODUCT_BUNDLE_IDENTIFIER = com.IuriiPopov.InstagramApi;
				PRODUCT_NAME = "$(TARGET_NAME)";
				SWIFT_VERSION = 5.0;
				TARGETED_DEVICE_FAMILY = 1;
			};
			name = Debug;
		};
		CA624FF1236B119F007FFAEB /* Release */ = {
			isa = XCBuildConfiguration;
			buildSettings = {
				ASSETCATALOG_COMPILER_APPICON_NAME = AppIcon;
				CODE_SIGN_STYLE = Automatic;
				DEVELOPMENT_TEAM = 54SGD4HVN5;
				INFOPLIST_FILE = "InstagramApi/Supporting Files/Info.plist";
				IPHONEOS_DEPLOYMENT_TARGET = 12.0;
				LD_RUNPATH_SEARCH_PATHS = (
					"$(inherited)",
					"@executable_path/Frameworks",
				);
				PRODUCT_BUNDLE_IDENTIFIER = com.IuriiPopov.InstagramApi;
				PRODUCT_NAME = "$(TARGET_NAME)";
				SWIFT_VERSION = 5.0;
				TARGETED_DEVICE_FAMILY = 1;
			};
			name = Release;
		};
		CA624FF3236B119F007FFAEB /* Debug */ = {
			isa = XCBuildConfiguration;
			buildSettings = {
				ALWAYS_EMBED_SWIFT_STANDARD_LIBRARIES = YES;
				CODE_SIGN_STYLE = Automatic;
				DEVELOPMENT_TEAM = 54SGD4HVN5;
				INFOPLIST_FILE = InstagramApiUITests/Info.plist;
				LD_RUNPATH_SEARCH_PATHS = (
					"$(inherited)",
					"@executable_path/Frameworks",
					"@loader_path/Frameworks",
				);
				PRODUCT_BUNDLE_IDENTIFIER = com.IuriiPopov.InstagramApiUITests;
				PRODUCT_NAME = "$(TARGET_NAME)";
				SWIFT_VERSION = 5.0;
				TARGETED_DEVICE_FAMILY = "1,2";
				TEST_TARGET_NAME = InstagramApi;
			};
			name = Debug;
		};
		CA624FF4236B119F007FFAEB /* Release */ = {
			isa = XCBuildConfiguration;
			buildSettings = {
				ALWAYS_EMBED_SWIFT_STANDARD_LIBRARIES = YES;
				CODE_SIGN_STYLE = Automatic;
				DEVELOPMENT_TEAM = 54SGD4HVN5;
				INFOPLIST_FILE = InstagramApiUITests/Info.plist;
				LD_RUNPATH_SEARCH_PATHS = (
					"$(inherited)",
					"@executable_path/Frameworks",
					"@loader_path/Frameworks",
				);
				PRODUCT_BUNDLE_IDENTIFIER = com.IuriiPopov.InstagramApiUITests;
				PRODUCT_NAME = "$(TARGET_NAME)";
				SWIFT_VERSION = 5.0;
				TARGETED_DEVICE_FAMILY = "1,2";
				TEST_TARGET_NAME = InstagramApi;
			};
			name = Release;
		};
/* End XCBuildConfiguration section */

/* Begin XCConfigurationList section */
		CA624FCB236B119D007FFAEB /* Build configuration list for PBXProject "InstagramApi" */ = {
			isa = XCConfigurationList;
			buildConfigurations = (
				CA624FED236B119F007FFAEB /* Debug */,
				CA624FEE236B119F007FFAEB /* Release */,
			);
			defaultConfigurationIsVisible = 0;
			defaultConfigurationName = Release;
		};
		CA624FEF236B119F007FFAEB /* Build configuration list for PBXNativeTarget "InstagramApi" */ = {
			isa = XCConfigurationList;
			buildConfigurations = (
				CA624FF0236B119F007FFAEB /* Debug */,
				CA624FF1236B119F007FFAEB /* Release */,
			);
			defaultConfigurationIsVisible = 0;
			defaultConfigurationName = Release;
		};
		CA624FF2236B119F007FFAEB /* Build configuration list for PBXNativeTarget "InstagramApiUITests" */ = {
			isa = XCConfigurationList;
			buildConfigurations = (
				CA624FF3236B119F007FFAEB /* Debug */,
				CA624FF4236B119F007FFAEB /* Release */,
			);
			defaultConfigurationIsVisible = 0;
			defaultConfigurationName = Release;
		};
/* End XCConfigurationList section */
	};
	rootObject = CA624FC8236B119D007FFAEB /* Project object */;
}
